
Microsoft Visual Studio Solution File, Format Version 12.00
# Visual Studio Version 17
VisualStudioVersion = 17.9.34622.214
MinimumVisualStudioVersion = 10.0.40219.1
Project("{8BC9CEB8-8B4A-11D0-8D11-00A0C91BC942}") = "CoolLogger", "CoolLogger\CoolLogger.vcxproj", "{FC6BF45D-B5BA-4039-8618-3245187AA051}"
EndProject
Global
	GlobalSection(SolutionConfigurationPlatforms) = preSolution
		All|x64 = All|x64
		All|x86 = All|x86
		Debug|x64 = Debug|x64
		Debug|x86 = Debug|x86
		DefaultBuild|x64 = DefaultBuild|x64
		DefaultBuild|x86 = DefaultBuild|x86
		Release|x64 = Release|x64
		Release|x86 = Release|x86
	EndGlobalSection
	GlobalSection(ProjectConfigurationPlatforms) = postSolution
		{FC6BF45D-B5BA-4039-8618-3245187AA051}.All|x64.ActiveCfg = Debug|x64
		{FC6BF45D-B5BA-4039-8618-3245187AA051}.All|x64.Build.0 = Debug|x64
		{FC6BF45D-B5BA-4039-8618-3245187AA051}.All|x86.ActiveCfg = Release|Win32
		{FC6BF45D-B5BA-4039-8618-3245187AA051}.All|x86.Build.0 = Release|Win32
		{FC6BF45D-B5BA-4039-8618-3245187AA051}.Debug|x64.ActiveCfg = Release|x64
		{FC6BF45D-B5BA-4039-8618-3245187AA051}.Debug|x64.Build.0 = Release|x64
		{FC6BF45D-B5BA-4039-8618-3245187AA051}.Debug|x86.ActiveCfg = Debug|Win32
		{FC6BF45D-B5BA-4039-8618-3245187AA051}.Debug|x86.Build.0 = Debug|Win32
		{FC6BF45D-B5BA-4039-8618-3245187AA051}.DefaultBuild|x64.ActiveCfg = Debug|x64
		{FC6BF45D-B5BA-4039-8618-3245187AA051}.DefaultBuild|x64.Build.0 = Debug|x64
		{FC6BF45D-B5BA-4039-8618-3245187AA051}.DefaultBuild|x86.ActiveCfg = Debug|Win32
		{FC6BF45D-B5BA-4039-8618-3245187AA051}.DefaultBuild|x86.Build.0 = Debug|Win32
		{FC6BF45D-B5BA-4039-8618-3245187AA051}.Release|x64.ActiveCfg = Release|x64
		{FC6BF45D-B5BA-4039-8618-3245187AA051}.Release|x64.Build.0 = Release|x64
		{FC6BF45D-B5BA-4039-8618-3245187AA051}.Release|x86.ActiveCfg = Release|Win32
		{FC6BF45D-B5BA-4039-8618-3245187AA051}.Release|x86.Build.0 = Release|Win32
	EndGlobalSection
	GlobalSection(SolutionProperties) = preSolution
		HideSolutionNode = FALSE
	EndGlobalSection
	GlobalSection(ExtensibilityGlobals) = postSolution
		SolutionGuid = {3BF3C905-472C-4043-BE87-FE2BC121D54F}
	EndGlobalSection
EndGlobal
